
Microsoft Visual Studio Solution File, Format Version 12.00
# Visual Studio Version 17
VisualStudioVersion = 17.5.002.0
MinimumVisualStudioVersion = 10.0.40219.1
Project("{9A19103F-16F7-4668-BE54-9A1E7A4F7556}") = "Atividade 27.10", "Atividade 27.10.csproj", "{9D1B0593-6CAC-43F9-9AE8-3DFB7025539E}"
EndProject
Global
	GlobalSection(SolutionConfigurationPlatforms) = preSolution
		Debug|Any CPU = Debug|Any CPU
		Release|Any CPU = Release|Any CPU
	EndGlobalSection
	GlobalSection(ProjectConfigurationPlatforms) = postSolution
		{9D1B0593-6CAC-43F9-9AE8-3DFB7025539E}.Debug|Any CPU.ActiveCfg = Debug|Any CPU
		{9D1B0593-6CAC-43F9-9AE8-3DFB7025539E}.Debug|Any CPU.Build.0 = Debug|Any CPU
		{9D1B0593-6CAC-43F9-9AE8-3DFB7025539E}.Release|Any CPU.ActiveCfg = Release|Any CPU
		{9D1B0593-6CAC-43F9-9AE8-3DFB7025539E}.Release|Any CPU.Build.0 = Release|Any CPU
	EndGlobalSection
	GlobalSection(SolutionProperties) = preSolution
		HideSolutionNode = FALSE
	EndGlobalSection
	GlobalSection(ExtensibilityGlobals) = postSolution
		SolutionGuid = {38B172D9-7748-4963-9633-3A1E7A9D76F0}
	EndGlobalSection
EndGlobal
