
Microsoft Visual Studio Solution File, Format Version 12.00
# Visual Studio Version 17
VisualStudioVersion = 17.5.002.0
MinimumVisualStudioVersion = 10.0.40219.1
Project("{9A19103F-16F7-4668-BE54-9A1E7A4F7556}") = "Sistema de veiculos", "Sistema de veiculos.csproj", "{74A0D012-7E71-49F7-8DE5-8C7BCF6BF1F7}"
EndProject
Global
	GlobalSection(SolutionConfigurationPlatforms) = preSolution
		Debug|Any CPU = Debug|Any CPU
		Release|Any CPU = Release|Any CPU
	EndGlobalSection
	GlobalSection(ProjectConfigurationPlatforms) = postSolution
		{74A0D012-7E71-49F7-8DE5-8C7BCF6BF1F7}.Debug|Any CPU.ActiveCfg = Debug|Any CPU
		{74A0D012-7E71-49F7-8DE5-8C7BCF6BF1F7}.Debug|Any CPU.Build.0 = Debug|Any CPU
		{74A0D012-7E71-49F7-8DE5-8C7BCF6BF1F7}.Release|Any CPU.ActiveCfg = Release|Any CPU
		{74A0D012-7E71-49F7-8DE5-8C7BCF6BF1F7}.Release|Any CPU.Build.0 = Release|Any CPU
	EndGlobalSection
	GlobalSection(SolutionProperties) = preSolution
		HideSolutionNode = FALSE
	EndGlobalSection
	GlobalSection(ExtensibilityGlobals) = postSolution
		SolutionGuid = {065255AD-4FFC-4411-A596-0F3A21F41C21}
	EndGlobalSection
EndGlobal
