
Microsoft Visual Studio Solution File, Format Version 12.00
# Visual Studio Version 17
VisualStudioVersion = 17.5.002.0
MinimumVisualStudioVersion = 10.0.40219.1
Project("{9A19103F-16F7-4668-BE54-9A1E7A4F7556}") = "Atividade 23.10 Classe Pessoa", "Atividade 23.10 Classe Pessoa.csproj", "{CC215BBD-6963-42F3-8F45-EEF5C7BFF8BB}"
EndProject
Global
	GlobalSection(SolutionConfigurationPlatforms) = preSolution
		Debug|Any CPU = Debug|Any CPU
		Release|Any CPU = Release|Any CPU
	EndGlobalSection
	GlobalSection(ProjectConfigurationPlatforms) = postSolution
		{CC215BBD-6963-42F3-8F45-EEF5C7BFF8BB}.Debug|Any CPU.ActiveCfg = Debug|Any CPU
		{CC215BBD-6963-42F3-8F45-EEF5C7BFF8BB}.Debug|Any CPU.Build.0 = Debug|Any CPU
		{CC215BBD-6963-42F3-8F45-EEF5C7BFF8BB}.Release|Any CPU.ActiveCfg = Release|Any CPU
		{CC215BBD-6963-42F3-8F45-EEF5C7BFF8BB}.Release|Any CPU.Build.0 = Release|Any CPU
	EndGlobalSection
	GlobalSection(SolutionProperties) = preSolution
		HideSolutionNode = FALSE
	EndGlobalSection
	GlobalSection(ExtensibilityGlobals) = postSolution
		SolutionGuid = {1721234B-6CCC-463A-9C5F-3A347DEFB9D6}
	EndGlobalSection
EndGlobal
